{
  "name": "gfc-playground",
  "lockfileVersion": 3,
  "requires": true,
  "packages": {
    "": {
      "dependencies": {
        "@commander-js/extra-typings": "^12.1.0",
        "commander": "^12.1.0"
      }
    },
    "node_modules/@commander-js/extra-typings": {
      "version": "12.1.0",
      "resolved": "https://registry.npmjs.org/@commander-js/extra-typings/-/extra-typings-12.1.0.tgz",
      "integrity": "sha512-wf/lwQvWAA0goIghcb91dQYpkLBcyhOhQNqG/VgWhnKzgt+UOMvra7EX/2fv70arm5RW+PUHoQHHDa6/p77Eqg==",
      "peerDependencies": {
        "commander": "~12.1.0"
      }
    },
    "node_modules/commander": {
      "version": "12.1.0",
      "resolved": "https://registry.npmjs.org/commander/-/commander-12.1.0.tgz",
      "integrity": "sha512-Vw8qHK3bZM9y/P10u3Vib8o/DdkvA2OtPtZvD871QKjy74Wj1WSKFILMPRPSdUSx5RFK1arlJzEtA4PkFgnbuA==",
      "engines": {
        "node": ">=18"
      }
    }
  }
}
